
Microsoft Visual Studio Solution File, Format Version 12.00
# Visual Studio 15
VisualStudioVersion = 15.0.26730.16
MinimumVisualStudioVersion = 10.0.40219.1
Project("{FAE04EC0-301F-11D3-BF4B-00C04F79EFBC}") = "LaRZ.Android", "LaRZ\LaRZ.Android\LaRZ.Android.csproj", "{70AFDDB1-D42C-407D-9CD2-CA8CD8C49035}"
EndProject
Project("{FAE04EC0-301F-11D3-BF4B-00C04F79EFBC}") = "LaRZ", "LaRZ\LaRZ\LaRZ.csproj", "{5848ECEB-E424-4F77-99CB-272AEB463DC4}"
EndProject
Project("{FAE04EC0-301F-11D3-BF4B-00C04F79EFBC}") = "LaRZ.UWP", "LaRZ\LaRZ.UWP\LaRZ.UWP.csproj", "{2DD5FC90-7688-4AB8-B6F9-52130E0B2987}"
EndProject
Project("{FAE04EC0-301F-11D3-BF4B-00C04F79EFBC}") = "LaRZ.iOS", "LaRZ\LaRZ.iOS\LaRZ.iOS.csproj", "{ACC7EA0E-51AE-4FE4-8513-65FBC33AC0D6}"
EndProject
Global
	GlobalSection(SolutionConfigurationPlatforms) = preSolution
		Ad-Hoc|Any CPU = Ad-Hoc|Any CPU
		Ad-Hoc|ARM = Ad-Hoc|ARM
		Ad-Hoc|iPhone = Ad-Hoc|iPhone
		Ad-Hoc|iPhoneSimulator = Ad-Hoc|iPhoneSimulator
		Ad-Hoc|x64 = Ad-Hoc|x64
		Ad-Hoc|x86 = Ad-Hoc|x86
		AppStore|Any CPU = AppStore|Any CPU
		AppStore|ARM = AppStore|ARM
		AppStore|iPhone = AppStore|iPhone
		AppStore|iPhoneSimulator = AppStore|iPhoneSimulator
		AppStore|x64 = AppStore|x64
		AppStore|x86 = AppStore|x86
		Debug|Any CPU = Debug|Any CPU
		Debug|ARM = Debug|ARM
		Debug|iPhone = Debug|iPhone
		Debug|iPhoneSimulator = Debug|iPhoneSimulator
		Debug|x64 = Debug|x64
		Debug|x86 = Debug|x86
		Release|Any CPU = Release|Any CPU
		Release|ARM = Release|ARM
		Release|iPhone = Release|iPhone
		Release|iPhoneSimulator = Release|iPhoneSimulator
		Release|x64 = Release|x64
		Release|x86 = Release|x86
	EndGlobalSection
	GlobalSection(ProjectConfigurationPlatforms) = postSolution
		{70AFDDB1-D42C-407D-9CD2-CA8CD8C49035}.Ad-Hoc|Any CPU.ActiveCfg = Release|Any CPU
		{70AFDDB1-D42C-407D-9CD2-CA8CD8C49035}.Ad-Hoc|Any CPU.Build.0 = Release|Any CPU
		{70AFDDB1-D42C-407D-9CD2-CA8CD8C49035}.Ad-Hoc|Any CPU.Deploy.0 = Release|Any CPU
		{70AFDDB1-D42C-407D-9CD2-CA8CD8C49035}.Ad-Hoc|ARM.ActiveCfg = Release|Any CPU
		{70AFDDB1-D42C-407D-9CD2-CA8CD8C49035}.Ad-Hoc|ARM.Build.0 = Release|Any CPU
		{70AFDDB1-D42C-407D-9CD2-CA8CD8C49035}.Ad-Hoc|ARM.Deploy.0 = Release|Any CPU
		{70AFDDB1-D42C-407D-9CD2-CA8CD8C49035}.Ad-Hoc|iPhone.ActiveCfg = Release|Any CPU
		{70AFDDB1-D42C-407D-9CD2-CA8CD8C49035}.Ad-Hoc|iPhone.Build.0 = Release|Any CPU
		{70AFDDB1-D42C-407D-9CD2-CA8CD8C49035}.Ad-Hoc|iPhone.Deploy.0 = Release|Any CPU
		{70AFDDB1-D42C-407D-9CD2-CA8CD8C49035}.Ad-Hoc|iPhoneSimulator.ActiveCfg = Release|Any CPU
		{70AFDDB1-D42C-407D-9CD2-CA8CD8C49035}.Ad-Hoc|iPhoneSimulator.Build.0 = Release|Any CPU
		{70AFDDB1-D42C-407D-9CD2-CA8CD8C49035}.Ad-Hoc|iPhoneSimulator.Deploy.0 = Release|Any CPU
		{70AFDDB1-D42C-407D-9CD2-CA8CD8C49035}.Ad-Hoc|x64.ActiveCfg = Release|Any CPU
		{70AFDDB1-D42C-407D-9CD2-CA8CD8C49035}.Ad-Hoc|x64.Build.0 = Release|Any CPU
		{70AFDDB1-D42C-407D-9CD2-CA8CD8C49035}.Ad-Hoc|x64.Deploy.0 = Release|Any CPU
		{70AFDDB1-D42C-407D-9CD2-CA8CD8C49035}.Ad-Hoc|x86.ActiveCfg = Release|Any CPU
		{70AFDDB1-D42C-407D-9CD2-CA8CD8C49035}.Ad-Hoc|x86.Build.0 = Release|Any CPU
		{70AFDDB1-D42C-407D-9CD2-CA8CD8C49035}.Ad-Hoc|x86.Deploy.0 = Release|Any CPU
		{70AFDDB1-D42C-407D-9CD2-CA8CD8C49035}.AppStore|Any CPU.ActiveCfg = Release|Any CPU
		{70AFDDB1-D42C-407D-9CD2-CA8CD8C49035}.AppStore|Any CPU.Build.0 = Release|Any CPU
		{70AFDDB1-D42C-407D-9CD2-CA8CD8C49035}.AppStore|Any CPU.Deploy.0 = Release|Any CPU
		{70AFDDB1-D42C-407D-9CD2-CA8CD8C49035}.AppStore|ARM.ActiveCfg = Release|Any CPU
		{70AFDDB1-D42C-407D-9CD2-CA8CD8C49035}.AppStore|ARM.Build.0 = Release|Any CPU
		{70AFDDB1-D42C-407D-9CD2-CA8CD8C49035}.AppStore|ARM.Deploy.0 = Release|Any CPU
		{70AFDDB1-D42C-407D-9CD2-CA8CD8C49035}.AppStore|iPhone.ActiveCfg = Release|Any CPU
		{70AFDDB1-D42C-407D-9CD2-CA8CD8C49035}.AppStore|iPhone.Build.0 = Release|Any CPU
		{70AFDDB1-D42C-407D-9CD2-CA8CD8C49035}.AppStore|iPhone.Deploy.0 = Release|Any CPU
		{70AFDDB1-D42C-407D-9CD2-CA8CD8C49035}.AppStore|iPhoneSimulator.ActiveCfg = Release|Any CPU
		{70AFDDB1-D42C-407D-9CD2-CA8CD8C49035}.AppStore|iPhoneSimulator.Build.0 = Release|Any CPU
		{70AFDDB1-D42C-407D-9CD2-CA8CD8C49035}.AppStore|iPhoneSimulator.Deploy.0 = Release|Any CPU
		{70AFDDB1-D42C-407D-9CD2-CA8CD8C49035}.AppStore|x64.ActiveCfg = Release|Any CPU
		{70AFDDB1-D42C-407D-9CD2-CA8CD8C49035}.AppStore|x64.Build.0 = Release|Any CPU
		{70AFDDB1-D42C-407D-9CD2-CA8CD8C49035}.AppStore|x64.Deploy.0 = Release|Any CPU
		{70AFDDB1-D42C-407D-9CD2-CA8CD8C49035}.AppStore|x86.ActiveCfg = Release|Any CPU
		{70AFDDB1-D42C-407D-9CD2-CA8CD8C49035}.AppStore|x86.Build.0 = Release|Any CPU
		{70AFDDB1-D42C-407D-9CD2-CA8CD8C49035}.AppStore|x86.Deploy.0 = Release|Any CPU
		{70AFDDB1-D42C-407D-9CD2-CA8CD8C49035}.Debug|Any CPU.ActiveCfg = Debug|Any CPU
		{70AFDDB1-D42C-407D-9CD2-CA8CD8C49035}.Debug|Any CPU.Build.0 = Debug|Any CPU
		{70AFDDB1-D42C-407D-9CD2-CA8CD8C49035}.Debug|Any CPU.Deploy.0 = Debug|Any CPU
		{70AFDDB1-D42C-407D-9CD2-CA8CD8C49035}.Debug|ARM.ActiveCfg = Debug|Any CPU
		{70AFDDB1-D42C-407D-9CD2-CA8CD8C49035}.Debug|ARM.Build.0 = Debug|Any CPU
		{70AFDDB1-D42C-407D-9CD2-CA8CD8C49035}.Debug|ARM.Deploy.0 = Debug|Any CPU
		{70AFDDB1-D42C-407D-9CD2-CA8CD8C49035}.Debug|iPhone.ActiveCfg = Debug|Any CPU
		{70AFDDB1-D42C-407D-9CD2-CA8CD8C49035}.Debug|iPhone.Build.0 = Debug|Any CPU
		{70AFDDB1-D42C-407D-9CD2-CA8CD8C49035}.Debug|iPhone.Deploy.0 = Debug|Any CPU
		{70AFDDB1-D42C-407D-9CD2-CA8CD8C49035}.Debug|iPhoneSimulator.ActiveCfg = Debug|Any CPU
		{70AFDDB1-D42C-407D-9CD2-CA8CD8C49035}.Debug|iPhoneSimulator.Build.0 = Debug|Any CPU
		{70AFDDB1-D42C-407D-9CD2-CA8CD8C49035}.Debug|iPhoneSimulator.Deploy.0 = Debug|Any CPU
		{70AFDDB1-D42C-407D-9CD2-CA8CD8C49035}.Debug|x64.ActiveCfg = Debug|Any CPU
		{70AFDDB1-D42C-407D-9CD2-CA8CD8C49035}.Debug|x64.Build.0 = Debug|Any CPU
		{70AFDDB1-D42C-407D-9CD2-CA8CD8C49035}.Debug|x64.Deploy.0 = Debug|Any CPU
		{70AFDDB1-D42C-407D-9CD2-CA8CD8C49035}.Debug|x86.ActiveCfg = Debug|Any CPU
		{70AFDDB1-D42C-407D-9CD2-CA8CD8C49035}.Debug|x86.Build.0 = Debug|Any CPU
		{70AFDDB1-D42C-407D-9CD2-CA8CD8C49035}.Debug|x86.Deploy.0 = Debug|Any CPU
		{70AFDDB1-D42C-407D-9CD2-CA8CD8C49035}.Release|Any CPU.ActiveCfg = Release|Any CPU
		{70AFDDB1-D42C-407D-9CD2-CA8CD8C49035}.Release|Any CPU.Build.0 = Release|Any CPU
		{70AFDDB1-D42C-407D-9CD2-CA8CD8C49035}.Release|Any CPU.Deploy.0 = Release|Any CPU
		{70AFDDB1-D42C-407D-9CD2-CA8CD8C49035}.Release|ARM.ActiveCfg = Release|Any CPU
		{70AFDDB1-D42C-407D-9CD2-CA8CD8C49035}.Release|ARM.Build.0 = Release|Any CPU
		{70AFDDB1-D42C-407D-9CD2-CA8CD8C49035}.Release|ARM.Deploy.0 = Release|Any CPU
		{70AFDDB1-D42C-407D-9CD2-CA8CD8C49035}.Release|iPhone.ActiveCfg = Release|Any CPU
		{70AFDDB1-D42C-407D-9CD2-CA8CD8C49035}.Release|iPhone.Build.0 = Release|Any CPU
		{70AFDDB1-D42C-407D-9CD2-CA8CD8C49035}.Release|iPhone.Deploy.0 = Release|Any CPU
		{70AFDDB1-D42C-407D-9CD2-CA8CD8C49035}.Release|iPhoneSimulator.ActiveCfg = Release|Any CPU
		{70AFDDB1-D42C-407D-9CD2-CA8CD8C49035}.Release|iPhoneSimulator.Build.0 = Release|Any CPU
		{70AFDDB1-D42C-407D-9CD2-CA8CD8C49035}.Release|iPhoneSimulator.Deploy.0 = Release|Any CPU
		{70AFDDB1-D42C-407D-9CD2-CA8CD8C49035}.Release|x64.ActiveCfg = Release|Any CPU
		{70AFDDB1-D42C-407D-9CD2-CA8CD8C49035}.Release|x64.Build.0 = Release|Any CPU
		{70AFDDB1-D42C-407D-9CD2-CA8CD8C49035}.Release|x64.Deploy.0 = Release|Any CPU
		{70AFDDB1-D42C-407D-9CD2-CA8CD8C49035}.Release|x86.ActiveCfg = Release|Any CPU
		{70AFDDB1-D42C-407D-9CD2-CA8CD8C49035}.Release|x86.Build.0 = Release|Any CPU
		{70AFDDB1-D42C-407D-9CD2-CA8CD8C49035}.Release|x86.Deploy.0 = Release|Any CPU
		{5848ECEB-E424-4F77-99CB-272AEB463DC4}.Ad-Hoc|Any CPU.ActiveCfg = Release|Any CPU
		{5848ECEB-E424-4F77-99CB-272AEB463DC4}.Ad-Hoc|Any CPU.Build.0 = Release|Any CPU
		{5848ECEB-E424-4F77-99CB-272AEB463DC4}.Ad-Hoc|ARM.ActiveCfg = Release|Any CPU
		{5848ECEB-E424-4F77-99CB-272AEB463DC4}.Ad-Hoc|ARM.Build.0 = Release|Any CPU
		{5848ECEB-E424-4F77-99CB-272AEB463DC4}.Ad-Hoc|iPhone.ActiveCfg = Release|Any CPU
		{5848ECEB-E424-4F77-99CB-272AEB463DC4}.Ad-Hoc|iPhone.Build.0 = Release|Any CPU
		{5848ECEB-E424-4F77-99CB-272AEB463DC4}.Ad-Hoc|iPhoneSimulator.ActiveCfg = Release|Any CPU
		{5848ECEB-E424-4F77-99CB-272AEB463DC4}.Ad-Hoc|iPhoneSimulator.Build.0 = Release|Any CPU
		{5848ECEB-E424-4F77-99CB-272AEB463DC4}.Ad-Hoc|x64.ActiveCfg = Release|Any CPU
		{5848ECEB-E424-4F77-99CB-272AEB463DC4}.Ad-Hoc|x64.Build.0 = Release|Any CPU
		{5848ECEB-E424-4F77-99CB-272AEB463DC4}.Ad-Hoc|x86.ActiveCfg = Release|Any CPU
		{5848ECEB-E424-4F77-99CB-272AEB463DC4}.Ad-Hoc|x86.Build.0 = Release|Any CPU
		{5848ECEB-E424-4F77-99CB-272AEB463DC4}.AppStore|Any CPU.ActiveCfg = Release|Any CPU
		{5848ECEB-E424-4F77-99CB-272AEB463DC4}.AppStore|Any CPU.Build.0 = Release|Any CPU
		{5848ECEB-E424-4F77-99CB-272AEB463DC4}.AppStore|ARM.ActiveCfg = Release|Any CPU
		{5848ECEB-E424-4F77-99CB-272AEB463DC4}.AppStore|ARM.Build.0 = Release|Any CPU
		{5848ECEB-E424-4F77-99CB-272AEB463DC4}.AppStore|iPhone.ActiveCfg = Release|Any CPU
		{5848ECEB-E424-4F77-99CB-272AEB463DC4}.AppStore|iPhone.Build.0 = Release|Any CPU
		{5848ECEB-E424-4F77-99CB-272AEB463DC4}.AppStore|iPhoneSimulator.ActiveCfg = Release|Any CPU
		{5848ECEB-E424-4F77-99CB-272AEB463DC4}.AppStore|iPhoneSimulator.Build.0 = Release|Any CPU
		{5848ECEB-E424-4F77-99CB-272AEB463DC4}.AppStore|x64.ActiveCfg = Release|Any CPU
		{5848ECEB-E424-4F77-99CB-272AEB463DC4}.AppStore|x64.Build.0 = Release|Any CPU
		{5848ECEB-E424-4F77-99CB-272AEB463DC4}.AppStore|x86.ActiveCfg = Release|Any CPU
		{5848ECEB-E424-4F77-99CB-272AEB463DC4}.AppStore|x86.Build.0 = Release|Any CPU
		{5848ECEB-E424-4F77-99CB-272AEB463DC4}.Debug|Any CPU.ActiveCfg = Debug|Any CPU
		{5848ECEB-E424-4F77-99CB-272AEB463DC4}.Debug|Any CPU.Build.0 = Debug|Any CPU
		{5848ECEB-E424-4F77-99CB-272AEB463DC4}.Debug|ARM.ActiveCfg = Debug|Any CPU
		{5848ECEB-E424-4F77-99CB-272AEB463DC4}.Debug|ARM.Build.0 = Debug|Any CPU
		{5848ECEB-E424-4F77-99CB-272AEB463DC4}.Debug|iPhone.ActiveCfg = Debug|Any CPU
		{5848ECEB-E424-4F77-99CB-272AEB463DC4}.Debug|iPhone.Build.0 = Debug|Any CPU
		{5848ECEB-E424-4F77-99CB-272AEB463DC4}.Debug|iPhoneSimulator.ActiveCfg = Debug|Any CPU
		{5848ECEB-E424-4F77-99CB-272AEB463DC4}.Debug|iPhoneSimulator.Build.0 = Debug|Any CPU
		{5848ECEB-E424-4F77-99CB-272AEB463DC4}.Debug|x64.ActiveCfg = Debug|Any CPU
		{5848ECEB-E424-4F77-99CB-272AEB463DC4}.Debug|x64.Build.0 = Debug|Any CPU
		{5848ECEB-E424-4F77-99CB-272AEB463DC4}.Debug|x86.ActiveCfg = Debug|Any CPU
		{5848ECEB-E424-4F77-99CB-272AEB463DC4}.Debug|x86.Build.0 = Debug|Any CPU
		{5848ECEB-E424-4F77-99CB-272AEB463DC4}.Release|Any CPU.ActiveCfg = Release|Any CPU
		{5848ECEB-E424-4F77-99CB-272AEB463DC4}.Release|Any CPU.Build.0 = Release|Any CPU
		{5848ECEB-E424-4F77-99CB-272AEB463DC4}.Release|ARM.ActiveCfg = Release|Any CPU
		{5848ECEB-E424-4F77-99CB-272AEB463DC4}.Release|ARM.Build.0 = Release|Any CPU
		{5848ECEB-E424-4F77-99CB-272AEB463DC4}.Release|iPhone.ActiveCfg = Release|Any CPU
		{5848ECEB-E424-4F77-99CB-272AEB463DC4}.Release|iPhone.Build.0 = Release|Any CPU
		{5848ECEB-E424-4F77-99CB-272AEB463DC4}.Release|iPhoneSimulator.ActiveCfg = Release|Any CPU
		{5848ECEB-E424-4F77-99CB-272AEB463DC4}.Release|iPhoneSimulator.Build.0 = Release|Any CPU
		{5848ECEB-E424-4F77-99CB-272AEB463DC4}.Release|x64.ActiveCfg = Release|Any CPU
		{5848ECEB-E424-4F77-99CB-272AEB463DC4}.Release|x64.Build.0 = Release|Any CPU
		{5848ECEB-E424-4F77-99CB-272AEB463DC4}.Release|x86.ActiveCfg = Release|Any CPU
		{5848ECEB-E424-4F77-99CB-272AEB463DC4}.Release|x86.Build.0 = Release|Any CPU
		{2DD5FC90-7688-4AB8-B6F9-52130E0B2987}.Ad-Hoc|Any CPU.ActiveCfg = Release|x86
		{2DD5FC90-7688-4AB8-B6F9-52130E0B2987}.Ad-Hoc|Any CPU.Build.0 = Release|x86
		{2DD5FC90-7688-4AB8-B6F9-52130E0B2987}.Ad-Hoc|Any CPU.Deploy.0 = Release|x86
		{2DD5FC90-7688-4AB8-B6F9-52130E0B2987}.Ad-Hoc|ARM.ActiveCfg = Release|ARM
		{2DD5FC90-7688-4AB8-B6F9-52130E0B2987}.Ad-Hoc|ARM.Build.0 = Release|ARM
		{2DD5FC90-7688-4AB8-B6F9-52130E0B2987}.Ad-Hoc|ARM.Deploy.0 = Release|ARM
		{2DD5FC90-7688-4AB8-B6F9-52130E0B2987}.Ad-Hoc|iPhone.ActiveCfg = Release|x86
		{2DD5FC90-7688-4AB8-B6F9-52130E0B2987}.Ad-Hoc|iPhone.Build.0 = Release|x86
		{2DD5FC90-7688-4AB8-B6F9-52130E0B2987}.Ad-Hoc|iPhone.Deploy.0 = Release|x86
		{2DD5FC90-7688-4AB8-B6F9-52130E0B2987}.Ad-Hoc|iPhoneSimulator.ActiveCfg = Release|x86
		{2DD5FC90-7688-4AB8-B6F9-52130E0B2987}.Ad-Hoc|iPhoneSimulator.Build.0 = Release|x86
		{2DD5FC90-7688-4AB8-B6F9-52130E0B2987}.Ad-Hoc|iPhoneSimulator.Deploy.0 = Release|x86
		{2DD5FC90-7688-4AB8-B6F9-52130E0B2987}.Ad-Hoc|x64.ActiveCfg = Release|x64
		{2DD5FC90-7688-4AB8-B6F9-52130E0B2987}.Ad-Hoc|x64.Build.0 = Release|x64
		{2DD5FC90-7688-4AB8-B6F9-52130E0B2987}.Ad-Hoc|x64.Deploy.0 = Release|x64
		{2DD5FC90-7688-4AB8-B6F9-52130E0B2987}.Ad-Hoc|x86.ActiveCfg = Release|x86
		{2DD5FC90-7688-4AB8-B6F9-52130E0B2987}.Ad-Hoc|x86.Build.0 = Release|x86
		{2DD5FC90-7688-4AB8-B6F9-52130E0B2987}.Ad-Hoc|x86.Deploy.0 = Release|x86
		{2DD5FC90-7688-4AB8-B6F9-52130E0B2987}.AppStore|Any CPU.ActiveCfg = Release|x86
		{2DD5FC90-7688-4AB8-B6F9-52130E0B2987}.AppStore|Any CPU.Build.0 = Release|x86
		{2DD5FC90-7688-4AB8-B6F9-52130E0B2987}.AppStore|Any CPU.Deploy.0 = Release|x86
		{2DD5FC90-7688-4AB8-B6F9-52130E0B2987}.AppStore|ARM.ActiveCfg = Release|ARM
		{2DD5FC90-7688-4AB8-B6F9-52130E0B2987}.AppStore|ARM.Build.0 = Release|ARM
		{2DD5FC90-7688-4AB8-B6F9-52130E0B2987}.AppStore|ARM.Deploy.0 = Release|ARM
		{2DD5FC90-7688-4AB8-B6F9-52130E0B2987}.AppStore|iPhone.ActiveCfg = Release|x86
		{2DD5FC90-7688-4AB8-B6F9-52130E0B2987}.AppStore|iPhone.Build.0 = Release|x86
		{2DD5FC90-7688-4AB8-B6F9-52130E0B2987}.AppStore|iPhone.Deploy.0 = Release|x86
		{2DD5FC90-7688-4AB8-B6F9-52130E0B2987}.AppStore|iPhoneSimulator.ActiveCfg = Release|x86
		{2DD5FC90-7688-4AB8-B6F9-52130E0B2987}.AppStore|iPhoneSimulator.Build.0 = Release|x86
		{2DD5FC90-7688-4AB8-B6F9-52130E0B2987}.AppStore|iPhoneSimulator.Deploy.0 = Release|x86
		{2DD5FC90-7688-4AB8-B6F9-52130E0B2987}.AppStore|x64.ActiveCfg = Release|x64
		{2DD5FC90-7688-4AB8-B6F9-52130E0B2987}.AppStore|x64.Build.0 = Release|x64
		{2DD5FC90-7688-4AB8-B6F9-52130E0B2987}.AppStore|x64.Deploy.0 = Release|x64
		{2DD5FC90-7688-4AB8-B6F9-52130E0B2987}.AppStore|x86.ActiveCfg = Release|x86
		{2DD5FC90-7688-4AB8-B6F9-52130E0B2987}.AppStore|x86.Build.0 = Release|x86
		{2DD5FC90-7688-4AB8-B6F9-52130E0B2987}.AppStore|x86.Deploy.0 = Release|x86
		{2DD5FC90-7688-4AB8-B6F9-52130E0B2987}.Debug|Any CPU.ActiveCfg = Debug|x86
		{2DD5FC90-7688-4AB8-B6F9-52130E0B2987}.Debug|ARM.ActiveCfg = Debug|ARM
		{2DD5FC90-7688-4AB8-B6F9-52130E0B2987}.Debug|ARM.Build.0 = Debug|ARM
		{2DD5FC90-7688-4AB8-B6F9-52130E0B2987}.Debug|ARM.Deploy.0 = Debug|ARM
		{2DD5FC90-7688-4AB8-B6F9-52130E0B2987}.Debug|iPhone.ActiveCfg = Debug|x86
		{2DD5FC90-7688-4AB8-B6F9-52130E0B2987}.Debug|iPhoneSimulator.ActiveCfg = Debug|x86
		{2DD5FC90-7688-4AB8-B6F9-52130E0B2987}.Debug|x64.ActiveCfg = Debug|x64
		{2DD5FC90-7688-4AB8-B6F9-52130E0B2987}.Debug|x64.Build.0 = Debug|x64
		{2DD5FC90-7688-4AB8-B6F9-52130E0B2987}.Debug|x64.Deploy.0 = Debug|x64
		{2DD5FC90-7688-4AB8-B6F9-52130E0B2987}.Debug|x86.ActiveCfg = Debug|x86
		{2DD5FC90-7688-4AB8-B6F9-52130E0B2987}.Debug|x86.Build.0 = Debug|x86
		{2DD5FC90-7688-4AB8-B6F9-52130E0B2987}.Debug|x86.Deploy.0 = Debug|x86
		{2DD5FC90-7688-4AB8-B6F9-52130E0B2987}.Release|Any CPU.ActiveCfg = Release|x86
		{2DD5FC90-7688-4AB8-B6F9-52130E0B2987}.Release|ARM.ActiveCfg = Release|ARM
		{2DD5FC90-7688-4AB8-B6F9-52130E0B2987}.Release|ARM.Build.0 = Release|ARM
		{2DD5FC90-7688-4AB8-B6F9-52130E0B2987}.Release|ARM.Deploy.0 = Release|ARM
		{2DD5FC90-7688-4AB8-B6F9-52130E0B2987}.Release|iPhone.ActiveCfg = Release|x86
		{2DD5FC90-7688-4AB8-B6F9-52130E0B2987}.Release|iPhoneSimulator.ActiveCfg = Release|x86
		{2DD5FC90-7688-4AB8-B6F9-52130E0B2987}.Release|x64.ActiveCfg = Release|x64
		{2DD5FC90-7688-4AB8-B6F9-52130E0B2987}.Release|x64.Build.0 = Release|x64
		{2DD5FC90-7688-4AB8-B6F9-52130E0B2987}.Release|x64.Deploy.0 = Release|x64
		{2DD5FC90-7688-4AB8-B6F9-52130E0B2987}.Release|x86.ActiveCfg = Release|x86
		{2DD5FC90-7688-4AB8-B6F9-52130E0B2987}.Release|x86.Build.0 = Release|x86
		{2DD5FC90-7688-4AB8-B6F9-52130E0B2987}.Release|x86.Deploy.0 = Release|x86
		{ACC7EA0E-51AE-4FE4-8513-65FBC33AC0D6}.Ad-Hoc|Any CPU.ActiveCfg = Ad-Hoc|iPhone
		{ACC7EA0E-51AE-4FE4-8513-65FBC33AC0D6}.Ad-Hoc|ARM.ActiveCfg = Ad-Hoc|iPhone
		{ACC7EA0E-51AE-4FE4-8513-65FBC33AC0D6}.Ad-Hoc|iPhone.ActiveCfg = Ad-Hoc|iPhone
		{ACC7EA0E-51AE-4FE4-8513-65FBC33AC0D6}.Ad-Hoc|iPhone.Build.0 = Ad-Hoc|iPhone
		{ACC7EA0E-51AE-4FE4-8513-65FBC33AC0D6}.Ad-Hoc|iPhoneSimulator.ActiveCfg = Ad-Hoc|iPhoneSimulator
		{ACC7EA0E-51AE-4FE4-8513-65FBC33AC0D6}.Ad-Hoc|iPhoneSimulator.Build.0 = Ad-Hoc|iPhoneSimulator
		{ACC7EA0E-51AE-4FE4-8513-65FBC33AC0D6}.Ad-Hoc|x64.ActiveCfg = Ad-Hoc|iPhone
		{ACC7EA0E-51AE-4FE4-8513-65FBC33AC0D6}.Ad-Hoc|x86.ActiveCfg = Ad-Hoc|iPhone
		{ACC7EA0E-51AE-4FE4-8513-65FBC33AC0D6}.AppStore|Any CPU.ActiveCfg = AppStore|iPhone
		{ACC7EA0E-51AE-4FE4-8513-65FBC33AC0D6}.AppStore|ARM.ActiveCfg = AppStore|iPhone
		{ACC7EA0E-51AE-4FE4-8513-65FBC33AC0D6}.AppStore|iPhone.ActiveCfg = AppStore|iPhone
		{ACC7EA0E-51AE-4FE4-8513-65FBC33AC0D6}.AppStore|iPhone.Build.0 = AppStore|iPhone
		{ACC7EA0E-51AE-4FE4-8513-65FBC33AC0D6}.AppStore|iPhoneSimulator.ActiveCfg = AppStore|iPhoneSimulator
		{ACC7EA0E-51AE-4FE4-8513-65FBC33AC0D6}.AppStore|iPhoneSimulator.Build.0 = AppStore|iPhoneSimulator
		{ACC7EA0E-51AE-4FE4-8513-65FBC33AC0D6}.AppStore|x64.ActiveCfg = AppStore|iPhone
		{ACC7EA0E-51AE-4FE4-8513-65FBC33AC0D6}.AppStore|x86.ActiveCfg = AppStore|iPhone
		{ACC7EA0E-51AE-4FE4-8513-65FBC33AC0D6}.Debug|Any CPU.ActiveCfg = Debug|iPhone
		{ACC7EA0E-51AE-4FE4-8513-65FBC33AC0D6}.Debug|ARM.ActiveCfg = Debug|iPhone
		{ACC7EA0E-51AE-4FE4-8513-65FBC33AC0D6}.Debug|iPhone.ActiveCfg = Debug|iPhone
		{ACC7EA0E-51AE-4FE4-8513-65FBC33AC0D6}.Debug|iPhone.Build.0 = Debug|iPhone
		{ACC7EA0E-51AE-4FE4-8513-65FBC33AC0D6}.Debug|iPhoneSimulator.ActiveCfg = Debug|iPhoneSimulator
		{ACC7EA0E-51AE-4FE4-8513-65FBC33AC0D6}.Debug|iPhoneSimulator.Build.0 = Debug|iPhoneSimulator
		{ACC7EA0E-51AE-4FE4-8513-65FBC33AC0D6}.Debug|x64.ActiveCfg = Debug|iPhone
		{ACC7EA0E-51AE-4FE4-8513-65FBC33AC0D6}.Debug|x86.ActiveCfg = Debug|iPhone
		{ACC7EA0E-51AE-4FE4-8513-65FBC33AC0D6}.Release|Any CPU.ActiveCfg = Release|iPhone
		{ACC7EA0E-51AE-4FE4-8513-65FBC33AC0D6}.Release|ARM.ActiveCfg = Release|iPhone
		{ACC7EA0E-51AE-4FE4-8513-65FBC33AC0D6}.Release|iPhone.ActiveCfg = Release|iPhone
		{ACC7EA0E-51AE-4FE4-8513-65FBC33AC0D6}.Release|iPhone.Build.0 = Release|iPhone
		{ACC7EA0E-51AE-4FE4-8513-65FBC33AC0D6}.Release|iPhoneSimulator.ActiveCfg = Release|iPhoneSimulator
		{ACC7EA0E-51AE-4FE4-8513-65FBC33AC0D6}.Release|iPhoneSimulator.Build.0 = Release|iPhoneSimulator
		{ACC7EA0E-51AE-4FE4-8513-65FBC33AC0D6}.Release|x64.ActiveCfg = Release|iPhone
		{ACC7EA0E-51AE-4FE4-8513-65FBC33AC0D6}.Release|x86.ActiveCfg = Release|iPhone
		{ACC7EA0E-51AE-4FE4-8513-65FBC33AC0D6}.Debug|Any CPU.Build.0 = Debug|iPhone
		{ACC7EA0E-51AE-4FE4-8513-65FBC33AC0D6}.Release|Any CPU.Build.0 = Release|iPhone
	EndGlobalSection
	GlobalSection(SolutionProperties) = preSolution
		HideSolutionNode = FALSE
	EndGlobalSection
	GlobalSection(ExtensibilityGlobals) = postSolution
		SolutionGuid = {F0A0733E-3A2F-4C2D-8711-FB17770A3638}
	EndGlobalSection
EndGlobal
